
Microsoft Visual Studio Solution File, Format Version 12.00
# Visual Studio Version 17
VisualStudioVersion = 17.2.32526.322
MinimumVisualStudioVersion = 10.0.40219.1
Project("{FAE04EC0-301F-11D3-BF4B-00C04F79EFBC}") = "MorseCode", "MorseCode\MorseCode.csproj", "{BBB5E239-3E36-43C4-A812-C15B008F27FA}"
EndProject
Global
	GlobalSection(SolutionConfigurationPlatforms) = preSolution
		Debug|Any CPU = Debug|Any CPU
		Release|Any CPU = Release|Any CPU
	EndGlobalSection
	GlobalSection(ProjectConfigurationPlatforms) = postSolution
		{BBB5E239-3E36-43C4-A812-C15B008F27FA}.Debug|Any CPU.ActiveCfg = Debug|Any CPU
		{BBB5E239-3E36-43C4-A812-C15B008F27FA}.Debug|Any CPU.Build.0 = Debug|Any CPU
		{BBB5E239-3E36-43C4-A812-C15B008F27FA}.Release|Any CPU.ActiveCfg = Release|Any CPU
		{BBB5E239-3E36-43C4-A812-C15B008F27FA}.Release|Any CPU.Build.0 = Release|Any CPU
	EndGlobalSection
	GlobalSection(SolutionProperties) = preSolution
		HideSolutionNode = FALSE
	EndGlobalSection
	GlobalSection(ExtensibilityGlobals) = postSolution
		SolutionGuid = {4AB207ED-A490-4630-A188-AD0A357FE724}
	EndGlobalSection
EndGlobal
